
Microsoft Visual Studio Solution File, Format Version 12.00
# Visual Studio Version 17
VisualStudioVersion = 17.0.32126.317
MinimumVisualStudioVersion = 10.0.40219.1
Project("{FAE04EC0-301F-11D3-BF4B-00C04F79EFBC}") = "ASP.NET Core 5.0 Project", "ASP.NET Core 5.0 Project\ASP.NET Core 5.0 Project.csproj", "{F81971E2-F462-4706-B2AC-E345EFD3E541}"
EndProject
Global
	GlobalSection(SolutionConfigurationPlatforms) = preSolution
		Debug|Any CPU = Debug|Any CPU
		Release|Any CPU = Release|Any CPU
	EndGlobalSection
	GlobalSection(ProjectConfigurationPlatforms) = postSolution
		{F81971E2-F462-4706-B2AC-E345EFD3E541}.Debug|Any CPU.ActiveCfg = Debug|Any CPU
		{F81971E2-F462-4706-B2AC-E345EFD3E541}.Debug|Any CPU.Build.0 = Debug|Any CPU
		{F81971E2-F462-4706-B2AC-E345EFD3E541}.Release|Any CPU.ActiveCfg = Release|Any CPU
		{F81971E2-F462-4706-B2AC-E345EFD3E541}.Release|Any CPU.Build.0 = Release|Any CPU
	EndGlobalSection
	GlobalSection(SolutionProperties) = preSolution
		HideSolutionNode = FALSE
	EndGlobalSection
	GlobalSection(ExtensibilityGlobals) = postSolution
		SolutionGuid = {B79186AC-8C72-4380-BD64-F6356B8BCFD3}
	EndGlobalSection
EndGlobal
